<?xml version="1.0" encoding="utf-8"?>
<Project ToolsVersion="4.0" xmlns="http://schemas.microsoft.com/developer/msbuild/2003">
  <ItemGroup>
    <Filter Include="Source Files">
      <UniqueIdentifier>{4FC737F1-C7A5-4376-A066-2A32D752A2FF}</UniqueIdentifier>
      <Extensions>cpp;c;cc;cxx;def;odl;idl;hpj;bat;asm;asmx</Extensions>
    </Filter>
    <Filter Include="Header Files">
      <UniqueIdentifier>{93995380-89BD-4b04-88EB-625FBE52EBFB}</UniqueIdentifier>
      <Extensions>h;hh;hpp;hxx;hm;inl;inc;ipp;xsd</Extensions>
    </Filter>
    <Filter Include="Resource Files">
      <UniqueIdentifier>{67DA6AB6-F800-4c08-8B7A-83BB121AAD01}</UniqueIdentifier>
      <Extensions>rc;ico;cur;bmp;dlg;rc2;rct;bin;rgs;gif;jpg;jpeg;jpe;resx;tiff;tif;png;wav;mfcribbon-ms</Extensions>
    </Filter>
    <Filter Include="Header Files\Commands">
      <UniqueIdentifier>{b3da4560-5f2c-4d49-a94f-c4070d4f1f61}</UniqueIdentifier>
    </Filter>
    <Filter Include="Source Files\Commands">
      <UniqueIdentifier>{52854908-f66e-47c0-aad0-bc8e394939ea}</UniqueIdentifier>
    </Filter>
    <Filter Include="Header Files\States">
      <UniqueIdentifier>{3192789b-dc03-4dfe-9133-563864ebf37d}</UniqueIdentifier>
    </Filter>
    <Filter Include="Source Files\States">
      <UniqueIdentifier>{64b52170-b0a1-46ec-9c25-6dbda79e773a}</UniqueIdentifier>
    </Filter>
  </ItemGroup>
  <ItemGroup>
    <ClInclude Include="pch.h">
      <Filter>Header Files</Filter>
    </ClInclude>
    <ClInclude Include="PengoScene.h">
      <Filter>Header Files</Filter>
    </ClInclude>
    <ClInclude Include="AttackCommand.h">
      <Filter>Header Files\Commands</Filter>
    </ClInclude>
    <ClInclude Include="DownCommand.h">
      <Filter>Header Files\Commands</Filter>
    </ClInclude>
    <ClInclude Include="IdleCommand.h">
      <Filter>Header Files\Commands</Filter>
    </ClInclude>
    <ClInclude Include="LeftCommand.h">
      <Filter>Header Files\Commands</Filter>
    </ClInclude>
    <ClInclude Include="RightCommand.h">
      <Filter>Header Files\Commands</Filter>
    </ClInclude>
    <ClInclude Include="StopAttackCommand.h">
      <Filter>Header Files\Commands</Filter>
    </ClInclude>
    <ClInclude Include="UpCommand.h">
      <Filter>Header Files\Commands</Filter>
    </ClInclude>
    <ClInclude Include="AttackState.h">
      <Filter>Header Files\States</Filter>
    </ClInclude>
    <ClInclude Include="HitState.h">
      <Filter>Header Files\States</Filter>
    </ClInclude>
    <ClInclude Include="IdleState.h">
      <Filter>Header Files\States</Filter>
    </ClInclude>
    <ClInclude Include="LookDownState.h">
      <Filter>Header Files\States</Filter>
    </ClInclude>
    <ClInclude Include="LookLeftState.h">
      <Filter>Header Files\States</Filter>
    </ClInclude>
    <ClInclude Include="LookRightState.h">
      <Filter>Header Files\States</Filter>
    </ClInclude>
    <ClInclude Include="LookUpState.h">
      <Filter>Header Files\States</Filter>
    </ClInclude>
    <ClInclude Include="MovingState.h">
      <Filter>Header Files\States</Filter>
    </ClInclude>
  </ItemGroup>
  <ItemGroup>
    <ClCompile Include="pch.cpp">
      <Filter>Source Files</Filter>
    </ClCompile>
    <ClCompile Include="Pengo.cpp">
      <Filter>Source Files</Filter>
    </ClCompile>
    <ClCompile Include="PengoScene.cpp">
      <Filter>Source Files</Filter>
    </ClCompile>
    <ClCompile Include="AttackCommand.cpp">
      <Filter>Source Files\Commands</Filter>
    </ClCompile>
    <ClCompile Include="DownCommand.cpp">
      <Filter>Source Files\Commands</Filter>
    </ClCompile>
    <ClCompile Include="IdleCommand.cpp">
      <Filter>Source Files\Commands</Filter>
    </ClCompile>
    <ClCompile Include="LeftCommand.cpp">
      <Filter>Source Files\Commands</Filter>
    </ClCompile>
    <ClCompile Include="RightCommand.cpp">
      <Filter>Source Files\Commands</Filter>
    </ClCompile>
    <ClCompile Include="StopAttackCommand.cpp">
      <Filter>Source Files\Commands</Filter>
    </ClCompile>
    <ClCompile Include="UpCommand.cpp">
      <Filter>Source Files\Commands</Filter>
    </ClCompile>
    <ClCompile Include="AttackState.cpp">
      <Filter>Source Files\States</Filter>
    </ClCompile>
    <ClCompile Include="IdleState.cpp">
      <Filter>Source Files\States</Filter>
    </ClCompile>
    <ClCompile Include="HitState.cpp">
      <Filter>Source Files\States</Filter>
    </ClCompile>
    <ClCompile Include="LookDownState.cpp">
      <Filter>Source Files\States</Filter>
    </ClCompile>
    <ClCompile Include="LookLeftState.cpp">
      <Filter>Source Files\States</Filter>
    </ClCompile>
    <ClCompile Include="LookRightState.cpp">
      <Filter>Source Files\States</Filter>
    </ClCompile>
    <ClCompile Include="LookUpState.cpp">
      <Filter>Source Files\States</Filter>
    </ClCompile>
    <ClCompile Include="MovingState.cpp">
      <Filter>Source Files\States</Filter>
    </ClCompile>
  </ItemGroup>
</Project>